
Microsoft Visual Studio Solution File, Format Version 12.00
# Visual Studio Version 17
VisualStudioVersion = 17.5.33516.290
MinimumVisualStudioVersion = 10.0.40219.1
Project("{FAE04EC0-301F-11D3-BF4B-00C04F79EFBC}") = "Module_18_Task", "Module_18_Task\Module_18_Task.csproj", "{452BBA5D-2AAF-4F97-AD94-8080F82F334E}"
EndProject
Global
	GlobalSection(SolutionConfigurationPlatforms) = preSolution
		Debug|Any CPU = Debug|Any CPU
		Release|Any CPU = Release|Any CPU
	EndGlobalSection
	GlobalSection(ProjectConfigurationPlatforms) = postSolution
		{452BBA5D-2AAF-4F97-AD94-8080F82F334E}.Debug|Any CPU.ActiveCfg = Debug|Any CPU
		{452BBA5D-2AAF-4F97-AD94-8080F82F334E}.Debug|Any CPU.Build.0 = Debug|Any CPU
		{452BBA5D-2AAF-4F97-AD94-8080F82F334E}.Release|Any CPU.ActiveCfg = Release|Any CPU
		{452BBA5D-2AAF-4F97-AD94-8080F82F334E}.Release|Any CPU.Build.0 = Release|Any CPU
	EndGlobalSection
	GlobalSection(SolutionProperties) = preSolution
		HideSolutionNode = FALSE
	EndGlobalSection
	GlobalSection(ExtensibilityGlobals) = postSolution
		SolutionGuid = {24362572-A116-4699-816B-D8A3F3EDFDB2}
	EndGlobalSection
EndGlobal
